
Microsoft Visual Studio Solution File, Format Version 12.00
# Visual Studio Version 16
VisualStudioVersion = 16.0.29411.108
MinimumVisualStudioVersion = 10.0.40219.1
Project("{9A19103F-16F7-4668-BE54-9A1E7A4F7556}") = "Note.Core", "src\Note.Core\Note.Core.csproj", "{18AF5F96-930D-491D-ABDF-A199ACE45FF2}"
EndProject
Project("{9A19103F-16F7-4668-BE54-9A1E7A4F7556}") = "Note.Infra.Data.SqlServer", "src\Note.Infra.Data.SqlServer\Note.Infra.Data.SqlServer.csproj", "{B4788327-37D6-4626-B717-417E64616AEE}"
EndProject
Project("{9A19103F-16F7-4668-BE54-9A1E7A4F7556}") = "Note.Core.Tests", "tests\Note.Core.Tests\Note.Core.Tests.csproj", "{5187C4B9-4627-49D0-9ACF-F4C8A45BA446}"
EndProject
Project("{2150E333-8FDC-42A3-9474-1A3956D46DE8}") = "App", "App", "{7FF69684-BC7B-419F-A745-46EF51FE613F}"
EndProject
Project("{2150E333-8FDC-42A3-9474-1A3956D46DE8}") = "Tests", "Tests", "{79E1AB35-ED1F-4849-BB46-D5A4252CE183}"
EndProject
Project("{9A19103F-16F7-4668-BE54-9A1E7A4F7556}") = "Note.MVCWebApp", "src\Note.MVCWebApp\Note.MVCWebApp.csproj", "{E779523D-ADC8-46AB-8867-328C9A6F7183}"
EndProject
Project("{2150E333-8FDC-42A3-9474-1A3956D46DE8}") = "Doc", "Doc", "{7E0948EC-CDDA-437C-B477-2333987912E2}"
	ProjectSection(SolutionItems) = preProject
		doc\TODO.md = doc\TODO.md
	EndProjectSection
EndProject
Global
	GlobalSection(SolutionConfigurationPlatforms) = preSolution
		Debug|Any CPU = Debug|Any CPU
		Release|Any CPU = Release|Any CPU
	EndGlobalSection
	GlobalSection(ProjectConfigurationPlatforms) = postSolution
		{18AF5F96-930D-491D-ABDF-A199ACE45FF2}.Debug|Any CPU.ActiveCfg = Debug|Any CPU
		{18AF5F96-930D-491D-ABDF-A199ACE45FF2}.Debug|Any CPU.Build.0 = Debug|Any CPU
		{18AF5F96-930D-491D-ABDF-A199ACE45FF2}.Release|Any CPU.ActiveCfg = Release|Any CPU
		{18AF5F96-930D-491D-ABDF-A199ACE45FF2}.Release|Any CPU.Build.0 = Release|Any CPU
		{B4788327-37D6-4626-B717-417E64616AEE}.Debug|Any CPU.ActiveCfg = Debug|Any CPU
		{B4788327-37D6-4626-B717-417E64616AEE}.Debug|Any CPU.Build.0 = Debug|Any CPU
		{B4788327-37D6-4626-B717-417E64616AEE}.Release|Any CPU.ActiveCfg = Release|Any CPU
		{B4788327-37D6-4626-B717-417E64616AEE}.Release|Any CPU.Build.0 = Release|Any CPU
		{5187C4B9-4627-49D0-9ACF-F4C8A45BA446}.Debug|Any CPU.ActiveCfg = Debug|Any CPU
		{5187C4B9-4627-49D0-9ACF-F4C8A45BA446}.Debug|Any CPU.Build.0 = Debug|Any CPU
		{5187C4B9-4627-49D0-9ACF-F4C8A45BA446}.Release|Any CPU.ActiveCfg = Release|Any CPU
		{5187C4B9-4627-49D0-9ACF-F4C8A45BA446}.Release|Any CPU.Build.0 = Release|Any CPU
		{E779523D-ADC8-46AB-8867-328C9A6F7183}.Debug|Any CPU.ActiveCfg = Debug|Any CPU
		{E779523D-ADC8-46AB-8867-328C9A6F7183}.Debug|Any CPU.Build.0 = Debug|Any CPU
		{E779523D-ADC8-46AB-8867-328C9A6F7183}.Release|Any CPU.ActiveCfg = Release|Any CPU
		{E779523D-ADC8-46AB-8867-328C9A6F7183}.Release|Any CPU.Build.0 = Release|Any CPU
	EndGlobalSection
	GlobalSection(SolutionProperties) = preSolution
		HideSolutionNode = FALSE
	EndGlobalSection
	GlobalSection(NestedProjects) = preSolution
		{18AF5F96-930D-491D-ABDF-A199ACE45FF2} = {7FF69684-BC7B-419F-A745-46EF51FE613F}
		{B4788327-37D6-4626-B717-417E64616AEE} = {7FF69684-BC7B-419F-A745-46EF51FE613F}
		{5187C4B9-4627-49D0-9ACF-F4C8A45BA446} = {79E1AB35-ED1F-4849-BB46-D5A4252CE183}
		{E779523D-ADC8-46AB-8867-328C9A6F7183} = {7FF69684-BC7B-419F-A745-46EF51FE613F}
	EndGlobalSection
	GlobalSection(ExtensibilityGlobals) = postSolution
		SolutionGuid = {FA0DEEDB-AE4B-45AF-BB6F-64A9A908DD7E}
	EndGlobalSection
EndGlobal
